{
    "version": 3,
    "terraform_version": "0.11.10",
    "serial": 8,
    "lineage": "4c3da499-2f03-99f3-d27b-38d98315d51b",
    "modules": [
        {
            "path": [
                "root"
            ],
            "outputs": {
                "instance_id": {
                    "sensitive": false,
                    "type": "string",
                    "value": "i-0765c87bbc5927f06"
                },
                "ssh_command": {
                    "sensitive": false,
                    "type": "string",
                    "value": "ssh -i ~/.ssh/id_rsa.pub ec2-user@18.206.88.109"
                }
            },
            "resources": {
                "aws_instance.instance": {
                    "type": "aws_instance",
                    "depends_on": [
                        "aws_key_pair.key",
                        "aws_security_group.sec_grp",
                        "data.aws_ami.ami"
                    ],
                    "primary": {
                        "id": "i-0765c87bbc5927f06",
                        "attributes": {
                            "ami": "ami-009d6802948d06e52",
                            "arn": "arn:aws:ec2:us-east-1:150337127586:instance/i-0765c87bbc5927f06",
                            "associate_public_ip_address": "true",
                            "availability_zone": "us-east-1a",
                            "cpu_core_count": "1",
                            "cpu_threads_per_core": "1",
                            "credit_specification.#": "1",
                            "credit_specification.0.cpu_credits": "standard",
                            "disable_api_termination": "false",
                            "ebs_block_device.#": "0",
                            "ebs_optimized": "false",
                            "ephemeral_block_device.#": "0",
                            "get_password_data": "false",
                            "iam_instance_profile": "",
                            "id": "i-0765c87bbc5927f06",
                            "instance_state": "running",
                            "instance_type": "t2.micro",
                            "ipv6_addresses.#": "0",
                            "key_name": "ssh-key",
                            "monitoring": "false",
                            "network_interface.#": "0",
                            "network_interface_id": "eni-04beabfebdfea3303",
                            "password_data": "",
                            "placement_group": "",
                            "primary_network_interface_id": "eni-04beabfebdfea3303",
                            "private_dns": "ip-172-31-92-122.ec2.internal",
                            "private_ip": "172.31.92.122",
                            "public_dns": "ec2-18-206-88-109.compute-1.amazonaws.com",
                            "public_ip": "18.206.88.109",
                            "root_block_device.#": "1",
                            "root_block_device.0.delete_on_termination": "true",
                            "root_block_device.0.iops": "100",
                            "root_block_device.0.volume_id": "vol-088ab65b2a8e6d3c9",
                            "root_block_device.0.volume_size": "8",
                            "root_block_device.0.volume_type": "gp2",
                            "security_groups.#": "1",
                            "security_groups.1392175337": "ssh-only-sg_20181215205455391800000001",
                            "source_dest_check": "true",
                            "subnet_id": "subnet-4421d26b",
                            "tags.%": "0",
                            "tenancy": "default",
                            "volume_tags.%": "0",
                            "vpc_security_group_ids.#": "1",
                            "vpc_security_group_ids.1837560242": "sg-07f0500c2ce440e40"
                        },
                        "meta": {
                            "e2bfb730-ecaa-11e6-8f88-34363bc7c4c0": {
                                "create": 600000000000,
                                "delete": 1200000000000,
                                "update": 600000000000
                            },
                            "schema_version": "1"
                        },
                        "tainted": false
                    },
                    "deposed": [],
                    "provider": "provider.aws"
                },
                "aws_key_pair.key": {
                    "type": "aws_key_pair",
                    "depends_on": [],
                    "primary": {
                        "id": "ssh-key",
                        "attributes": {
                            "fingerprint": "ff:03:3f:ec:fe:96:f2:5b:72:f7:50:37:25:84:fb:8e",
                            "id": "ssh-key",
                            "key_name": "ssh-key",
                            "public_key": "ssh-rsa AAAAB3NzaC1yc2EAAAADAQABAAABAQDgN4X2AjxRTzvc4YNBJD7YA5crXr5jpqTI4/hgCq9Onhn/4PR+zY94h67f6LjPgoA6DCyip2S400KIU1Pj/eK7z0emERxLYH56uDEk4HG3RIgMyjxtgCrXfNPh+edbf8J4SbgP4PWJAcXiPrF/UkW8USC5Bde1n86E/vWfkAgjb3+jtF52GPUE7oHX9sF+46gG+EsCa5CkgPZv0iIhkFsCXiuEgwtQACQBMTaJ1Dic3ijPCvaj5Sxx+SFsR+pDPM4i1QpwF5OpTFHTtX108HSC89UwtKol3hFlFeGYxUJmt+eS4eQ8Dbh6xJqhpGru/vyQftvkN6N9hKbURYsBQkXb peterb154@peterb154-asus-laptop"
                        },
                        "meta": {
                            "schema_version": "1"
                        },
                        "tainted": false
                    },
                    "deposed": [],
                    "provider": "provider.aws"
                },
                "aws_security_group.sec_grp": {
                    "type": "aws_security_group",
                    "depends_on": [
                        "data.aws_vpc.default"
                    ],
                    "primary": {
                        "id": "sg-07f0500c2ce440e40",
                        "attributes": {
                            "arn": "arn:aws:ec2:us-east-1:150337127586:security-group/sg-07f0500c2ce440e40",
                            "description": "ssh_only",
                            "egress.#": "0",
                            "id": "sg-07f0500c2ce440e40",
                            "ingress.#": "1",
                            "ingress.2541437006.cidr_blocks.#": "1",
                            "ingress.2541437006.cidr_blocks.0": "0.0.0.0/0",
                            "ingress.2541437006.description": "",
                            "ingress.2541437006.from_port": "22",
                            "ingress.2541437006.ipv6_cidr_blocks.#": "0",
                            "ingress.2541437006.prefix_list_ids.#": "0",
                            "ingress.2541437006.protocol": "tcp",
                            "ingress.2541437006.security_groups.#": "0",
                            "ingress.2541437006.self": "false",
                            "ingress.2541437006.to_port": "22",
                            "name": "ssh-only-sg_20181215205455391800000001",
                            "name_prefix": "ssh-only-sg_",
                            "owner_id": "150337127586",
                            "revoke_rules_on_delete": "false",
                            "tags.%": "0",
                            "vpc_id": "vpc-2fb80d57"
                        },
                        "meta": {
                            "e2bfb730-ecaa-11e6-8f88-34363bc7c4c0": {
                                "create": 600000000000,
                                "delete": 600000000000
                            },
                            "schema_version": "1"
                        },
                        "tainted": false
                    },
                    "deposed": [],
                    "provider": "provider.aws"
                },
                "data.aws_ami.ami": {
                    "type": "aws_ami",
                    "depends_on": [],
                    "primary": {
                        "id": "ami-009d6802948d06e52",
                        "attributes": {
                            "architecture": "x86_64",
                            "block_device_mappings.#": "1",
                            "block_device_mappings.340275815.device_name": "/dev/xvda",
                            "block_device_mappings.340275815.ebs.%": "6",
                            "block_device_mappings.340275815.ebs.delete_on_termination": "true",
                            "block_device_mappings.340275815.ebs.encrypted": "false",
                            "block_device_mappings.340275815.ebs.iops": "0",
                            "block_device_mappings.340275815.ebs.snapshot_id": "snap-05c184ed39d0ecd7b",
                            "block_device_mappings.340275815.ebs.volume_size": "8",
                            "block_device_mappings.340275815.ebs.volume_type": "gp2",
                            "block_device_mappings.340275815.no_device": "",
                            "block_device_mappings.340275815.virtual_name": "",
                            "creation_date": "2018-11-14T09:06:55.000Z",
                            "description": "Amazon Linux 2 AMI 2.0.20181114 x86_64 HVM gp2",
                            "filter.#": "1",
                            "filter.3325118623.name": "name",
                            "filter.3325118623.values.#": "1",
                            "filter.3325118623.values.0": "amzn2-ami-hvm-2.0.*-x86_64-gp2",
                            "hypervisor": "xen",
                            "id": "ami-009d6802948d06e52",
                            "image_id": "ami-009d6802948d06e52",
                            "image_location": "amazon/amzn2-ami-hvm-2.0.20181114-x86_64-gp2",
                            "image_owner_alias": "amazon",
                            "image_type": "machine",
                            "most_recent": "true",
                            "name": "amzn2-ami-hvm-2.0.20181114-x86_64-gp2",
                            "owner_id": "137112412989",
                            "product_codes.#": "0",
                            "public": "true",
                            "root_device_name": "/dev/xvda",
                            "root_device_type": "ebs",
                            "root_snapshot_id": "snap-05c184ed39d0ecd7b",
                            "sriov_net_support": "simple",
                            "state": "available",
                            "state_reason.%": "2",
                            "state_reason.code": "UNSET",
                            "state_reason.message": "UNSET",
                            "tags.%": "0",
                            "virtualization_type": "hvm"
                        },
                        "meta": {},
                        "tainted": false
                    },
                    "deposed": [],
                    "provider": "provider.aws"
                },
                "data.aws_vpc.default": {
                    "type": "aws_vpc",
                    "depends_on": [],
                    "primary": {
                        "id": "vpc-2fb80d57",
                        "attributes": {
                            "arn": "arn:aws:ec2:us-east-1:150337127586:vpc/vpc-2fb80d57",
                            "cidr_block": "172.31.0.0/16",
                            "cidr_block_associations.#": "1",
                            "cidr_block_associations.0.association_id": "vpc-cidr-assoc-4e54fa24",
                            "cidr_block_associations.0.cidr_block": "172.31.0.0/16",
                            "cidr_block_associations.0.state": "associated",
                            "default": "true",
                            "dhcp_options_id": "dopt-e565f79c",
                            "enable_dns_hostnames": "true",
                            "enable_dns_support": "true",
                            "id": "vpc-2fb80d57",
                            "instance_tenancy": "default",
                            "main_route_table_id": "rtb-e35d1699",
                            "owner_id": "150337127586",
                            "state": "available",
                            "tags.%": "0"
                        },
                        "meta": {},
                        "tainted": false
                    },
                    "deposed": [],
                    "provider": "provider.aws"
                }
            },
            "depends_on": []
        }
    ]
}
